{
  "lockfile_version": "1",
  "packages": {
    "github:NixOS/nixpkgs/nixpkgs-unstable": {
      "last_modified": "2026-01-26T13:12:53Z",
      "resolved": "github:NixOS/nixpkgs/13b0f9e6ac78abbbb736c635d87845c4f4bee51b?lastModified=1769433173"
    },
    "nodejs@20": {
      "last_modified": "2026-02-15T17:45:47Z",
      "plugin_version": "0.0.2",
      "resolved": "github:NixOS/nixpkgs/ac055f38c798b0d87695240c7b761b82fc7e5bc2#nodejs_20",
      "source": "devbox-search",
      "version": "20.20.0",
      "systems": {
        "aarch64-darwin": {
          "outputs": [
            {
              "name": "out",
              "path": "/nix/store/lpxs72iagg4hxnd8swgpvaiajgpdiaiv-nodejs-20.20.0",
              "default": true
            },
            {
              "name": "libv8",
              "path": "/nix/store/na6qprgp6izbr2acc67rv45i8f567c61-nodejs-20.20.0-libv8"
            },
            {
              "name": "dev",
              "path": "/nix/store/ffv0m7yqk3zdrjcbz030l5h4drd3qpxi-nodejs-20.20.0-dev"
            }
          ],
          "store_path": "/nix/store/lpxs72iagg4hxnd8swgpvaiajgpdiaiv-nodejs-20.20.0"
        },
        "aarch64-linux": {
          "outputs": [
            {
              "name": "out",
              "path": "/nix/store/j99h1wchrxq7yjgsgdfzpb471gd9ffzz-nodejs-20.20.0",
              "default": true
            },
            {
              "name": "dev",
              "path": "/nix/store/sj3dkxdbgi6aw7bdw3y4g6f1p3167mzi-nodejs-20.20.0-dev"
            },
            {
              "name": "libv8",
              "path": "/nix/store/w43cfcpz1d205xwixvyb0wnrq62nfs5r-nodejs-20.20.0-libv8"
            }
          ],
          "store_path": "/nix/store/j99h1wchrxq7yjgsgdfzpb471gd9ffzz-nodejs-20.20.0"
        },
        "x86_64-darwin": {
          "outputs": [
            {
              "name": "out",
              "path": "/nix/store/93b8p46bmm8qrwymi6aw99h8n0nnni03-nodejs-20.20.0",
              "default": true
            },
            {
              "name": "dev",
              "path": "/nix/store/gafdza0dkjvhqsx0xlmi1wsgw1ha6ash-nodejs-20.20.0-dev"
            },
            {
              "name": "libv8",
              "path": "/nix/store/0g5s1xy86aqbi1cfa35z63rak73hki6y-nodejs-20.20.0-libv8"
            }
          ],
          "store_path": "/nix/store/93b8p46bmm8qrwymi6aw99h8n0nnni03-nodejs-20.20.0"
        },
        "x86_64-linux": {
          "outputs": [
            {
              "name": "out",
              "path": "/nix/store/mcy5n3l8z7dbvaic7kgh80b86xj7smkn-nodejs-20.20.0",
              "default": true
            },
            {
              "name": "dev",
              "path": "/nix/store/p6c5l3l0p5cymnzybcyil9dqbiymi6ly-nodejs-20.20.0-dev"
            },
            {
              "name": "libv8",
              "path": "/nix/store/7sljbl366m4vlf79va6l4441j1qmpjax-nodejs-20.20.0-libv8"
            }
          ],
          "store_path": "/nix/store/mcy5n3l8z7dbvaic7kgh80b86xj7smkn-nodejs-20.20.0"
        }
      }
    },
    "python@3.12": {
      "last_modified": "2026-01-23T17:20:52Z",
      "plugin_version": "0.0.4",
      "resolved": "github:NixOS/nixpkgs/a1bab9e494f5f4939442a57a58d0449a109593fe#python312",
      "source": "devbox-search",
      "version": "3.12.12",
      "systems": {
        "aarch64-darwin": {
          "outputs": [
            {
              "name": "out",
              "path": "/nix/store/2j3gnwp0hsbvrirf23w1q344q7gbcy92-python3-3.12.12",
              "default": true
            }
          ],
          "store_path": "/nix/store/2j3gnwp0hsbvrirf23w1q344q7gbcy92-python3-3.12.12"
        },
        "aarch64-linux": {
          "outputs": [
            {
              "name": "out",
              "path": "/nix/store/h2jzxh50f3sa4k8p8wv4rrf51ci1srq1-python3-3.12.12",
              "default": true
            },
            {
              "name": "debug",
              "path": "/nix/store/8rckkaw2jgbwz8l8gvhi75fx5q2wh87b-python3-3.12.12-debug"
            }
          ],
          "store_path": "/nix/store/h2jzxh50f3sa4k8p8wv4rrf51ci1srq1-python3-3.12.12"
        },
        "x86_64-darwin": {
          "outputs": [
            {
              "name": "out",
              "path": "/nix/store/1f8k4x22cjz9nj2x7dki3xsgkih1j4rx-python3-3.12.12",
              "default": true
            }
          ],
          "store_path": "/nix/store/1f8k4x22cjz9nj2x7dki3xsgkih1j4rx-python3-3.12.12"
        },
        "x86_64-linux": {
          "outputs": [
            {
              "name": "out",
              "path": "/nix/store/by9gvhyjawm7g7gkkgpj28aas6fl8ws7-python3-3.12.12",
              "default": true
            },
            {
              "name": "debug",
              "path": "/nix/store/j79a6bw3yqj9jvfazf6zpapzq7dh83q5-python3-3.12.12-debug"
            }
          ],
          "store_path": "/nix/store/by9gvhyjawm7g7gkkgpj28aas6fl8ws7-python3-3.12.12"
        }
      }
    }
  }
}
